
Microsoft Visual Studio Solution File, Format Version 12.00
# Visual Studio Version 17
VisualStudioVersion = 17.12.35514.174
MinimumVisualStudioVersion = 10.0.40219.1
Project("{2150E333-8FDC-42A3-9474-1A3956D46DE8}") = "1. Enterprise Business Rules", "1. Enterprise Business Rules", "{BC2323EA-B41B-4844-9BA2-58B6C01F939A}"
EndProject
Project("{2150E333-8FDC-42A3-9474-1A3956D46DE8}") = "2. Application Business Rules", "2. Application Business Rules", "{BED0B828-02C6-4DF2-84A5-D09E79AC30D8}"
EndProject
Project("{2150E333-8FDC-42A3-9474-1A3956D46DE8}") = "3. Interface Adapters", "3. Interface Adapters", "{7D92DFA8-A755-4F54-B782-655B52FD9450}"
EndProject
Project("{2150E333-8FDC-42A3-9474-1A3956D46DE8}") = "4. Frameworks And Drivers", "4. Frameworks And Drivers", "{672B06E2-5691-48F5-8BF9-C4506F89B944}"
EndProject
Project("{FAE04EC0-301F-11D3-BF4B-00C04F79EFBC}") = "Northwind.Sales.Entities", "Northwind.Sales.Entities\Northwind.Sales.Entities.csproj", "{BBA1EAD2-A4CA-4694-8EF6-FF3EE233D78E}"
EndProject
Project("{FAE04EC0-301F-11D3-BF4B-00C04F79EFBC}") = "NorthWind.Sales.Backend.BusinessObjects", "NorthWind.Sales.Backend.BusinessObjects\NorthWind.Sales.Backend.BusinessObjects.csproj", "{6D1BF121-967F-4255-852A-CE842F5F6BB6}"
EndProject
Project("{FAE04EC0-301F-11D3-BF4B-00C04F79EFBC}") = "NorthWind.Sales.Backend.UseCases", "NorthWind.Sales.Backend.UseCases\NorthWind.Sales.Backend.UseCases.csproj", "{0C9D417E-2EBA-4B8F-B43A-A5C21A02B8A3}"
EndProject
Project("{2150E333-8FDC-42A3-9474-1A3956D46DE8}") = "Gateways", "Gateways", "{1D7EDC61-0248-40CA-B240-C44BFBB165E8}"
EndProject
Project("{2150E333-8FDC-42A3-9474-1A3956D46DE8}") = "Repositories", "Repositories", "{7EF2CA17-D5D8-4B1A-9D2B-770EE3605DAE}"
EndProject
Project("{FAE04EC0-301F-11D3-BF4B-00C04F79EFBC}") = "Northwind.Sales.Backend.Repositories", "Northwind.Sales.Backend.Repositories\Northwind.Sales.Backend.Repositories.csproj", "{0AA90404-FB94-47B2-82FB-4EB6D19102FD}"
EndProject
Project("{2150E333-8FDC-42A3-9474-1A3956D46DE8}") = "Presenters", "Presenters", "{1081040F-D418-4DCD-B9A5-99D57EAE76CF}"
EndProject
Project("{FAE04EC0-301F-11D3-BF4B-00C04F79EFBC}") = "Northwind.Sales.Backend.Presenters", "Northwind.Sales.Backend.Presenters\Northwind.Sales.Backend.Presenters.csproj", "{9C9AB89A-4C50-4E95-AFB8-356B04346363}"
EndProject
Project("{2150E333-8FDC-42A3-9474-1A3956D46DE8}") = "Controllers", "Controllers", "{E1B7FF43-9567-4536-B04B-112CA4E4E82F}"
EndProject
Project("{2150E333-8FDC-42A3-9474-1A3956D46DE8}") = "Frameworks", "Frameworks", "{66DEAE45-BFC4-48FE-BAB5-6ECE41FF72AE}"
EndProject
Project("{2150E333-8FDC-42A3-9474-1A3956D46DE8}") = "DataContexts", "DataContexts", "{6FCC44D7-090E-4B02-B8C0-D2A2E906D940}"
EndProject
Project("{FAE04EC0-301F-11D3-BF4B-00C04F79EFBC}") = "NorthWind.Sales.Backend.DataContext.EFCore", "NorthWind.Sales.Backend.DataContext.EFCore\NorthWind.Sales.Backend.DataContext.EFCore.csproj", "{1FB43DE1-8B38-4288-BA20-732FE25D67B3}"
EndProject
Project("{FAE04EC0-301F-11D3-BF4B-00C04F79EFBC}") = "NorthWind.Sales.Backend.Controllers", "NorthWind.Sales.Backend.Controllers\NorthWind.Sales.Backend.Controllers.csproj", "{19CABEC9-A88D-4668-9437-4009421C4C6A}"
EndProject
Project("{2150E333-8FDC-42A3-9474-1A3956D46DE8}") = "IoC", "IoC", "{128F94A0-F185-4A62-ABA2-8F64C6824F75}"
EndProject
Project("{FAE04EC0-301F-11D3-BF4B-00C04F79EFBC}") = "NorthWind.Sales.Backend.IoC", "NorthWind.Sales.Backend.IoC\NorthWind.Sales.Backend.IoC.csproj", "{F1495B8E-BDA4-4838-ACA8-B8DC6A2ED5A0}"
EndProject
Project("{2150E333-8FDC-42A3-9474-1A3956D46DE8}") = "UI", "UI", "{7065B0CA-3D80-4E5A-A192-23DA884FD8EE}"
EndProject
Project("{FAE04EC0-301F-11D3-BF4B-00C04F79EFBC}") = "NorthWind.Sales.WebApi", "NorthWind.Sales.WebApi\NorthWind.Sales.WebApi.csproj", "{799FB0E2-4487-4682-A16A-A5FB82AC02A7}"
EndProject
Project("{2150E333-8FDC-42A3-9474-1A3956D46DE8}") = "Backend", "Backend", "{6C221B3A-3103-4648-A720-D5A0C45A4810}"
EndProject
Project("{2150E333-8FDC-42A3-9474-1A3956D46DE8}") = "Frontend", "Frontend", "{E6C114E7-F11A-4CB9-973E-6717879EBE70}"
EndProject
Project("{2150E333-8FDC-42A3-9474-1A3956D46DE8}") = "2. Application Business Rules", "2. Application Business Rules", "{B68373B2-32B9-4041-A8F8-C1E7394A1F05}"
EndProject
Project("{2150E333-8FDC-42A3-9474-1A3956D46DE8}") = "3. Interface Adapters", "3. Interface Adapters", "{40A7F070-D62F-47FF-A835-40613D75F058}"
EndProject
Project("{2150E333-8FDC-42A3-9474-1A3956D46DE8}") = "4. Frameworks And Drivers", "4. Frameworks And Drivers", "{31D485C4-3A6C-4C3D-A5CB-8EC130240A92}"
EndProject
Project("{FAE04EC0-301F-11D3-BF4B-00C04F79EFBC}") = "NorthWind.Sales.Frontend.BusinessObjects", "NorthWind.Sales.Frontend.BusinessObjects\NorthWind.Sales.Frontend.BusinessObjects.csproj", "{C43D7A11-8E65-4194-A0C6-AB321E0301DC}"
EndProject
Project("{2150E333-8FDC-42A3-9474-1A3956D46DE8}") = "Gateways", "Gateways", "{CF73A33A-7004-4243-A6E4-2F9C065FF4B2}"
EndProject
Project("{FAE04EC0-301F-11D3-BF4B-00C04F79EFBC}") = "NorthWind.Sales.Frontend.WebApiGateways", "NorthWind.Sales.Frontend.WebApiGateways\NorthWind.Sales.Frontend.WebApiGateways.csproj", "{D6D023C3-260C-4C6F-8DB4-97F78392EA12}"
EndProject
Project("{2150E333-8FDC-42A3-9474-1A3956D46DE8}") = "Viewmodels", "Viewmodels", "{942C9D77-C067-4CCF-8532-B7878A3A14B2}"
EndProject
Project("{FAE04EC0-301F-11D3-BF4B-00C04F79EFBC}") = "NorthWind.Sales.Frontend.View.Models", "NorthWind.Sales.Frontend.View.Models\NorthWind.Sales.Frontend.View.Models.csproj", "{BFF62349-2AEF-42BD-A16E-622B182A0AEB}"
EndProject
Project("{2150E333-8FDC-42A3-9474-1A3956D46DE8}") = "Views", "Views", "{59790338-B2BF-43BF-A258-9EEA99F5EAE0}"
EndProject
Project("{FAE04EC0-301F-11D3-BF4B-00C04F79EFBC}") = "NorthWind.Razor.Components", "NorthWind.Razor.Components\NorthWind.Razor.Components.csproj", "{55EA4993-2BCC-4038-B21B-0F69C1FAF0D2}"
EndProject
Project("{FAE04EC0-301F-11D3-BF4B-00C04F79EFBC}") = "NorthWind.Sales.Frontend.Views", "NorthWind.Sales.Frontend.Views\NorthWind.Sales.Frontend.Views.csproj", "{00220FE4-F578-4DB6-9AB4-1C53D908CDCB}"
EndProject
Project("{2150E333-8FDC-42A3-9474-1A3956D46DE8}") = "IoC", "IoC", "{E4CFAAE3-4972-4A2B-9973-3F000FD1DE80}"
EndProject
Project("{FAE04EC0-301F-11D3-BF4B-00C04F79EFBC}") = "NorthWind.Sales.Frontend.IoC", "NorthWind.Sales.Frontend.IoC\NorthWind.Sales.Frontend.IoC.csproj", "{0F1CBEF6-732D-4AC7-B487-9FAFE212C28A}"
EndProject
Project("{2150E333-8FDC-42A3-9474-1A3956D46DE8}") = "UI", "UI", "{1E2DB830-3BFA-41BC-8A12-D984404B33F2}"
EndProject
Project("{FAE04EC0-301F-11D3-BF4B-00C04F79EFBC}") = "NorthWind.Sales.BlazorClient", "NorthWind.Sales.BlazorClient\NorthWind.Sales.BlazorClient.csproj", "{C5F55C1F-30FE-494B-97A6-B8C9C111EBE3}"
EndProject
Global
	GlobalSection(SolutionConfigurationPlatforms) = preSolution
		Debug|Any CPU = Debug|Any CPU
		Release|Any CPU = Release|Any CPU
	EndGlobalSection
	GlobalSection(ProjectConfigurationPlatforms) = postSolution
		{BBA1EAD2-A4CA-4694-8EF6-FF3EE233D78E}.Debug|Any CPU.ActiveCfg = Debug|Any CPU
		{BBA1EAD2-A4CA-4694-8EF6-FF3EE233D78E}.Debug|Any CPU.Build.0 = Debug|Any CPU
		{BBA1EAD2-A4CA-4694-8EF6-FF3EE233D78E}.Release|Any CPU.ActiveCfg = Release|Any CPU
		{BBA1EAD2-A4CA-4694-8EF6-FF3EE233D78E}.Release|Any CPU.Build.0 = Release|Any CPU
		{6D1BF121-967F-4255-852A-CE842F5F6BB6}.Debug|Any CPU.ActiveCfg = Debug|Any CPU
		{6D1BF121-967F-4255-852A-CE842F5F6BB6}.Debug|Any CPU.Build.0 = Debug|Any CPU
		{6D1BF121-967F-4255-852A-CE842F5F6BB6}.Release|Any CPU.ActiveCfg = Release|Any CPU
		{6D1BF121-967F-4255-852A-CE842F5F6BB6}.Release|Any CPU.Build.0 = Release|Any CPU
		{0C9D417E-2EBA-4B8F-B43A-A5C21A02B8A3}.Debug|Any CPU.ActiveCfg = Debug|Any CPU
		{0C9D417E-2EBA-4B8F-B43A-A5C21A02B8A3}.Debug|Any CPU.Build.0 = Debug|Any CPU
		{0C9D417E-2EBA-4B8F-B43A-A5C21A02B8A3}.Release|Any CPU.ActiveCfg = Release|Any CPU
		{0C9D417E-2EBA-4B8F-B43A-A5C21A02B8A3}.Release|Any CPU.Build.0 = Release|Any CPU
		{0AA90404-FB94-47B2-82FB-4EB6D19102FD}.Debug|Any CPU.ActiveCfg = Debug|Any CPU
		{0AA90404-FB94-47B2-82FB-4EB6D19102FD}.Debug|Any CPU.Build.0 = Debug|Any CPU
		{0AA90404-FB94-47B2-82FB-4EB6D19102FD}.Release|Any CPU.ActiveCfg = Release|Any CPU
		{0AA90404-FB94-47B2-82FB-4EB6D19102FD}.Release|Any CPU.Build.0 = Release|Any CPU
		{9C9AB89A-4C50-4E95-AFB8-356B04346363}.Debug|Any CPU.ActiveCfg = Debug|Any CPU
		{9C9AB89A-4C50-4E95-AFB8-356B04346363}.Debug|Any CPU.Build.0 = Debug|Any CPU
		{9C9AB89A-4C50-4E95-AFB8-356B04346363}.Release|Any CPU.ActiveCfg = Release|Any CPU
		{9C9AB89A-4C50-4E95-AFB8-356B04346363}.Release|Any CPU.Build.0 = Release|Any CPU
		{1FB43DE1-8B38-4288-BA20-732FE25D67B3}.Debug|Any CPU.ActiveCfg = Debug|Any CPU
		{1FB43DE1-8B38-4288-BA20-732FE25D67B3}.Debug|Any CPU.Build.0 = Debug|Any CPU
		{1FB43DE1-8B38-4288-BA20-732FE25D67B3}.Release|Any CPU.ActiveCfg = Release|Any CPU
		{1FB43DE1-8B38-4288-BA20-732FE25D67B3}.Release|Any CPU.Build.0 = Release|Any CPU
		{19CABEC9-A88D-4668-9437-4009421C4C6A}.Debug|Any CPU.ActiveCfg = Debug|Any CPU
		{19CABEC9-A88D-4668-9437-4009421C4C6A}.Debug|Any CPU.Build.0 = Debug|Any CPU
		{19CABEC9-A88D-4668-9437-4009421C4C6A}.Release|Any CPU.ActiveCfg = Release|Any CPU
		{19CABEC9-A88D-4668-9437-4009421C4C6A}.Release|Any CPU.Build.0 = Release|Any CPU
		{F1495B8E-BDA4-4838-ACA8-B8DC6A2ED5A0}.Debug|Any CPU.ActiveCfg = Debug|Any CPU
		{F1495B8E-BDA4-4838-ACA8-B8DC6A2ED5A0}.Debug|Any CPU.Build.0 = Debug|Any CPU
		{F1495B8E-BDA4-4838-ACA8-B8DC6A2ED5A0}.Release|Any CPU.ActiveCfg = Release|Any CPU
		{F1495B8E-BDA4-4838-ACA8-B8DC6A2ED5A0}.Release|Any CPU.Build.0 = Release|Any CPU
		{799FB0E2-4487-4682-A16A-A5FB82AC02A7}.Debug|Any CPU.ActiveCfg = Debug|Any CPU
		{799FB0E2-4487-4682-A16A-A5FB82AC02A7}.Debug|Any CPU.Build.0 = Debug|Any CPU
		{799FB0E2-4487-4682-A16A-A5FB82AC02A7}.Release|Any CPU.ActiveCfg = Release|Any CPU
		{799FB0E2-4487-4682-A16A-A5FB82AC02A7}.Release|Any CPU.Build.0 = Release|Any CPU
		{C43D7A11-8E65-4194-A0C6-AB321E0301DC}.Debug|Any CPU.ActiveCfg = Debug|Any CPU
		{C43D7A11-8E65-4194-A0C6-AB321E0301DC}.Debug|Any CPU.Build.0 = Debug|Any CPU
		{C43D7A11-8E65-4194-A0C6-AB321E0301DC}.Release|Any CPU.ActiveCfg = Release|Any CPU
		{C43D7A11-8E65-4194-A0C6-AB321E0301DC}.Release|Any CPU.Build.0 = Release|Any CPU
		{D6D023C3-260C-4C6F-8DB4-97F78392EA12}.Debug|Any CPU.ActiveCfg = Debug|Any CPU
		{D6D023C3-260C-4C6F-8DB4-97F78392EA12}.Debug|Any CPU.Build.0 = Debug|Any CPU
		{D6D023C3-260C-4C6F-8DB4-97F78392EA12}.Release|Any CPU.ActiveCfg = Release|Any CPU
		{D6D023C3-260C-4C6F-8DB4-97F78392EA12}.Release|Any CPU.Build.0 = Release|Any CPU
		{BFF62349-2AEF-42BD-A16E-622B182A0AEB}.Debug|Any CPU.ActiveCfg = Debug|Any CPU
		{BFF62349-2AEF-42BD-A16E-622B182A0AEB}.Debug|Any CPU.Build.0 = Debug|Any CPU
		{BFF62349-2AEF-42BD-A16E-622B182A0AEB}.Release|Any CPU.ActiveCfg = Release|Any CPU
		{BFF62349-2AEF-42BD-A16E-622B182A0AEB}.Release|Any CPU.Build.0 = Release|Any CPU
		{55EA4993-2BCC-4038-B21B-0F69C1FAF0D2}.Debug|Any CPU.ActiveCfg = Debug|Any CPU
		{55EA4993-2BCC-4038-B21B-0F69C1FAF0D2}.Debug|Any CPU.Build.0 = Debug|Any CPU
		{55EA4993-2BCC-4038-B21B-0F69C1FAF0D2}.Release|Any CPU.ActiveCfg = Release|Any CPU
		{55EA4993-2BCC-4038-B21B-0F69C1FAF0D2}.Release|Any CPU.Build.0 = Release|Any CPU
		{00220FE4-F578-4DB6-9AB4-1C53D908CDCB}.Debug|Any CPU.ActiveCfg = Debug|Any CPU
		{00220FE4-F578-4DB6-9AB4-1C53D908CDCB}.Debug|Any CPU.Build.0 = Debug|Any CPU
		{00220FE4-F578-4DB6-9AB4-1C53D908CDCB}.Release|Any CPU.ActiveCfg = Release|Any CPU
		{00220FE4-F578-4DB6-9AB4-1C53D908CDCB}.Release|Any CPU.Build.0 = Release|Any CPU
		{0F1CBEF6-732D-4AC7-B487-9FAFE212C28A}.Debug|Any CPU.ActiveCfg = Debug|Any CPU
		{0F1CBEF6-732D-4AC7-B487-9FAFE212C28A}.Debug|Any CPU.Build.0 = Debug|Any CPU
		{0F1CBEF6-732D-4AC7-B487-9FAFE212C28A}.Release|Any CPU.ActiveCfg = Release|Any CPU
		{0F1CBEF6-732D-4AC7-B487-9FAFE212C28A}.Release|Any CPU.Build.0 = Release|Any CPU
		{C5F55C1F-30FE-494B-97A6-B8C9C111EBE3}.Debug|Any CPU.ActiveCfg = Debug|Any CPU
		{C5F55C1F-30FE-494B-97A6-B8C9C111EBE3}.Debug|Any CPU.Build.0 = Debug|Any CPU
		{C5F55C1F-30FE-494B-97A6-B8C9C111EBE3}.Release|Any CPU.ActiveCfg = Release|Any CPU
		{C5F55C1F-30FE-494B-97A6-B8C9C111EBE3}.Release|Any CPU.Build.0 = Release|Any CPU
	EndGlobalSection
	GlobalSection(SolutionProperties) = preSolution
		HideSolutionNode = FALSE
	EndGlobalSection
	GlobalSection(NestedProjects) = preSolution
		{BED0B828-02C6-4DF2-84A5-D09E79AC30D8} = {6C221B3A-3103-4648-A720-D5A0C45A4810}
		{7D92DFA8-A755-4F54-B782-655B52FD9450} = {6C221B3A-3103-4648-A720-D5A0C45A4810}
		{672B06E2-5691-48F5-8BF9-C4506F89B944} = {6C221B3A-3103-4648-A720-D5A0C45A4810}
		{BBA1EAD2-A4CA-4694-8EF6-FF3EE233D78E} = {BC2323EA-B41B-4844-9BA2-58B6C01F939A}
		{6D1BF121-967F-4255-852A-CE842F5F6BB6} = {BED0B828-02C6-4DF2-84A5-D09E79AC30D8}
		{0C9D417E-2EBA-4B8F-B43A-A5C21A02B8A3} = {BED0B828-02C6-4DF2-84A5-D09E79AC30D8}
		{1D7EDC61-0248-40CA-B240-C44BFBB165E8} = {7D92DFA8-A755-4F54-B782-655B52FD9450}
		{7EF2CA17-D5D8-4B1A-9D2B-770EE3605DAE} = {1D7EDC61-0248-40CA-B240-C44BFBB165E8}
		{0AA90404-FB94-47B2-82FB-4EB6D19102FD} = {7EF2CA17-D5D8-4B1A-9D2B-770EE3605DAE}
		{1081040F-D418-4DCD-B9A5-99D57EAE76CF} = {7D92DFA8-A755-4F54-B782-655B52FD9450}
		{9C9AB89A-4C50-4E95-AFB8-356B04346363} = {1081040F-D418-4DCD-B9A5-99D57EAE76CF}
		{E1B7FF43-9567-4536-B04B-112CA4E4E82F} = {7D92DFA8-A755-4F54-B782-655B52FD9450}
		{66DEAE45-BFC4-48FE-BAB5-6ECE41FF72AE} = {672B06E2-5691-48F5-8BF9-C4506F89B944}
		{6FCC44D7-090E-4B02-B8C0-D2A2E906D940} = {66DEAE45-BFC4-48FE-BAB5-6ECE41FF72AE}
		{1FB43DE1-8B38-4288-BA20-732FE25D67B3} = {6FCC44D7-090E-4B02-B8C0-D2A2E906D940}
		{19CABEC9-A88D-4668-9437-4009421C4C6A} = {E1B7FF43-9567-4536-B04B-112CA4E4E82F}
		{128F94A0-F185-4A62-ABA2-8F64C6824F75} = {672B06E2-5691-48F5-8BF9-C4506F89B944}
		{F1495B8E-BDA4-4838-ACA8-B8DC6A2ED5A0} = {128F94A0-F185-4A62-ABA2-8F64C6824F75}
		{7065B0CA-3D80-4E5A-A192-23DA884FD8EE} = {672B06E2-5691-48F5-8BF9-C4506F89B944}
		{799FB0E2-4487-4682-A16A-A5FB82AC02A7} = {7065B0CA-3D80-4E5A-A192-23DA884FD8EE}
		{B68373B2-32B9-4041-A8F8-C1E7394A1F05} = {E6C114E7-F11A-4CB9-973E-6717879EBE70}
		{40A7F070-D62F-47FF-A835-40613D75F058} = {E6C114E7-F11A-4CB9-973E-6717879EBE70}
		{31D485C4-3A6C-4C3D-A5CB-8EC130240A92} = {E6C114E7-F11A-4CB9-973E-6717879EBE70}
		{C43D7A11-8E65-4194-A0C6-AB321E0301DC} = {B68373B2-32B9-4041-A8F8-C1E7394A1F05}
		{CF73A33A-7004-4243-A6E4-2F9C065FF4B2} = {40A7F070-D62F-47FF-A835-40613D75F058}
		{D6D023C3-260C-4C6F-8DB4-97F78392EA12} = {CF73A33A-7004-4243-A6E4-2F9C065FF4B2}
		{942C9D77-C067-4CCF-8532-B7878A3A14B2} = {40A7F070-D62F-47FF-A835-40613D75F058}
		{BFF62349-2AEF-42BD-A16E-622B182A0AEB} = {942C9D77-C067-4CCF-8532-B7878A3A14B2}
		{59790338-B2BF-43BF-A258-9EEA99F5EAE0} = {40A7F070-D62F-47FF-A835-40613D75F058}
		{55EA4993-2BCC-4038-B21B-0F69C1FAF0D2} = {59790338-B2BF-43BF-A258-9EEA99F5EAE0}
		{00220FE4-F578-4DB6-9AB4-1C53D908CDCB} = {59790338-B2BF-43BF-A258-9EEA99F5EAE0}
		{E4CFAAE3-4972-4A2B-9973-3F000FD1DE80} = {31D485C4-3A6C-4C3D-A5CB-8EC130240A92}
		{0F1CBEF6-732D-4AC7-B487-9FAFE212C28A} = {E4CFAAE3-4972-4A2B-9973-3F000FD1DE80}
		{1E2DB830-3BFA-41BC-8A12-D984404B33F2} = {31D485C4-3A6C-4C3D-A5CB-8EC130240A92}
		{C5F55C1F-30FE-494B-97A6-B8C9C111EBE3} = {1E2DB830-3BFA-41BC-8A12-D984404B33F2}
	EndGlobalSection
EndGlobal
